
Microsoft Visual Studio Solution File, Format Version 12.00
# Visual Studio Version 16
VisualStudioVersion = 16.0.30204.135
MinimumVisualStudioVersion = 10.0.40219.1
Project("{FAE04EC0-301F-11D3-BF4B-00C04F79EFBC}") = "WindowsFormsApp6", "WindowsFormsApp6.csproj", "{FDD35ED0-AD70-4457-82E0-154FA3B011DB}"
EndProject
Global
	GlobalSection(SolutionConfigurationPlatforms) = preSolution
		Debug|Any CPU = Debug|Any CPU
		Release|Any CPU = Release|Any CPU
	EndGlobalSection
	GlobalSection(ProjectConfigurationPlatforms) = postSolution
		{FDD35ED0-AD70-4457-82E0-154FA3B011DB}.Debug|Any CPU.ActiveCfg = Debug|Any CPU
		{FDD35ED0-AD70-4457-82E0-154FA3B011DB}.Debug|Any CPU.Build.0 = Debug|Any CPU
		{FDD35ED0-AD70-4457-82E0-154FA3B011DB}.Release|Any CPU.ActiveCfg = Release|Any CPU
		{FDD35ED0-AD70-4457-82E0-154FA3B011DB}.Release|Any CPU.Build.0 = Release|Any CPU
	EndGlobalSection
	GlobalSection(SolutionProperties) = preSolution
		HideSolutionNode = FALSE
	EndGlobalSection
	GlobalSection(ExtensibilityGlobals) = postSolution
		SolutionGuid = {269AC16D-85F5-4D8E-87A5-B4593F974E64}
	EndGlobalSection
EndGlobal
